{
    "version": 3,
    "terraform_version": "0.11.1",
    "serial": 5,
    "lineage": "c4e05b02-1632-4f91-935c-751562b4d414",
    "modules": [
        {
            "path": [
                "root"
            ],
            "outputs": {},
            "resources": {
                "aws_s3_bucket.frontend": {
                    "type": "aws_s3_bucket",
                    "depends_on": [
                        "data.template_file.bucket_policy"
                    ],
                    "primary": {
                        "id": "web-app-deploy-example",
                        "attributes": {
                            "acceleration_status": "",
                            "acl": "public-read",
                            "arn": "arn:aws:s3:::web-app-deploy-example",
                            "bucket": "web-app-deploy-example",
                            "bucket_domain_name": "web-app-deploy-example.s3.amazonaws.com",
                            "force_destroy": "false",
                            "hosted_zone_id": "Z3AQBSTGFYJSTF",
                            "id": "web-app-deploy-example",
                            "logging.#": "0",
                            "policy": "{\"Statement\":[{\"Action\":\"s3:GetObject\",\"Effect\":\"Allow\",\"Principal\":{\"AWS\":\"*\"},\"Resource\":\"arn:aws:s3:::web-app-deploy-example/*\",\"Sid\":\"PublicReadAccess\"}],\"Version\":\"2012-10-17\"}",
                            "region": "us-east-1",
                            "request_payer": "BucketOwner",
                            "server_side_encryption_configuration.#": "0",
                            "tags.%": "0",
                            "versioning.#": "1",
                            "versioning.0.enabled": "false",
                            "versioning.0.mfa_delete": "false",
                            "website.#": "1",
                            "website.0.error_document": "",
                            "website.0.index_document": "index.html",
                            "website.0.redirect_all_requests_to": "",
                            "website.0.routing_rules": "",
                            "website_domain": "s3-website-us-east-1.amazonaws.com",
                            "website_endpoint": "web-app-deploy-example.s3-website-us-east-1.amazonaws.com"
                        },
                        "meta": {},
                        "tainted": false
                    },
                    "deposed": [],
                    "provider": "provider.aws"
                },
                "aws_s3_bucket_object.17abe809382b2c3ea8745ba93775b781b485165a": {
                    "type": "aws_s3_bucket_object",
                    "depends_on": [],
                    "primary": {
                        "id": "static/js/main.e5fa4c4a.js.map",
                        "attributes": {
                            "acl": "private",
                            "bucket": "web-app-deploy-example",
                            "cache_control": "",
                            "content_disposition": "",
                            "content_encoding": "",
                            "content_language": "",
                            "content_type": "text/plain; charset=utf-8",
                            "etag": "0bc27adfd0bc32ec4bf8697098a52631",
                            "id": "static/js/main.e5fa4c4a.js.map",
                            "key": "static/js/main.e5fa4c4a.js.map",
                            "server_side_encryption": "",
                            "source": "../build/static/js/main.e5fa4c4a.js.map",
                            "storage_class": "STANDARD",
                            "tags.%": "0",
                            "version_id": "",
                            "website_redirect": ""
                        },
                        "meta": {},
                        "tainted": false
                    },
                    "deposed": [],
                    "provider": "provider.aws"
                },
                "aws_s3_bucket_object.3a3df40d9694623e2f9dcec6c77913e56eddba3d": {
                    "type": "aws_s3_bucket_object",
                    "depends_on": [],
                    "primary": {
                        "id": "static/js/main.e5fa4c4a.js",
                        "attributes": {
                            "acl": "private",
                            "bucket": "web-app-deploy-example",
                            "cache_control": "",
                            "content_disposition": "",
                            "content_encoding": "",
                            "content_language": "",
                            "content_type": "text/plain; charset=utf-8",
                            "etag": "22cabdc249ff9d9ad7452d6b88eee4a2",
                            "id": "static/js/main.e5fa4c4a.js",
                            "key": "static/js/main.e5fa4c4a.js",
                            "server_side_encryption": "",
                            "source": "../build/static/js/main.e5fa4c4a.js",
                            "storage_class": "STANDARD",
                            "tags.%": "0",
                            "version_id": "",
                            "website_redirect": ""
                        },
                        "meta": {},
                        "tainted": false
                    },
                    "deposed": [],
                    "provider": "provider.aws"
                },
                "aws_s3_bucket_object.8e1eb37b0b4f3cd743ccda16e530b5ef45ed3985": {
                    "type": "aws_s3_bucket_object",
                    "depends_on": [],
                    "primary": {
                        "id": "asset-manifest.json",
                        "attributes": {
                            "acl": "private",
                            "bucket": "web-app-deploy-example",
                            "cache_control": "",
                            "content_disposition": "",
                            "content_encoding": "",
                            "content_language": "",
                            "content_type": "application/octet-stream",
                            "etag": "4fc9d1ad1195074026e0e4f887ae54cd",
                            "id": "asset-manifest.json",
                            "key": "asset-manifest.json",
                            "server_side_encryption": "",
                            "source": "../build/asset-manifest.json",
                            "storage_class": "STANDARD",
                            "tags.%": "0",
                            "version_id": "",
                            "website_redirect": ""
                        },
                        "meta": {},
                        "tainted": false
                    },
                    "deposed": [],
                    "provider": "provider.aws"
                },
                "aws_s3_bucket_object.f6013a00b362253c64368d6eebc50ea2131754e2": {
                    "type": "aws_s3_bucket_object",
                    "depends_on": [],
                    "primary": {
                        "id": "index.html",
                        "attributes": {
                            "acl": "private",
                            "bucket": "web-app-deploy-example",
                            "cache_control": "",
                            "content_disposition": "",
                            "content_encoding": "",
                            "content_language": "",
                            "content_type": "text/html; charset=utf-8",
                            "etag": "f44dd6cdfaed6bf9a9b96f2a3387bcce",
                            "id": "index.html",
                            "key": "index.html",
                            "server_side_encryption": "",
                            "source": "../build/index.html",
                            "storage_class": "STANDARD",
                            "tags.%": "0",
                            "version_id": "",
                            "website_redirect": ""
                        },
                        "meta": {},
                        "tainted": false
                    },
                    "deposed": [],
                    "provider": "provider.aws"
                },
                "aws_s3_bucket_object.f7806c7e4b4e5afe304fd77cb3b41ea5a2c99a98": {
                    "type": "aws_s3_bucket_object",
                    "depends_on": [],
                    "primary": {
                        "id": "favicon.ico",
                        "attributes": {
                            "acl": "private",
                            "bucket": "web-app-deploy-example",
                            "cache_control": "",
                            "content_disposition": "",
                            "content_encoding": "",
                            "content_language": "",
                            "content_type": "image/vnd.microsoft.icon",
                            "etag": "fd73a6eb26a08ee46e7fd3cc34e7f6bf",
                            "id": "favicon.ico",
                            "key": "favicon.ico",
                            "server_side_encryption": "",
                            "source": "../build/favicon.ico",
                            "storage_class": "STANDARD",
                            "tags.%": "0",
                            "version_id": "",
                            "website_redirect": ""
                        },
                        "meta": {},
                        "tainted": false
                    },
                    "deposed": [],
                    "provider": "provider.aws"
                },
                "data.template_file.bucket_policy": {
                    "type": "template_file",
                    "depends_on": [],
                    "primary": {
                        "id": "1423a9d5b43c277e40233d27089a1d59c42854e253bdac409cf430dcd67292b9",
                        "attributes": {
                            "id": "1423a9d5b43c277e40233d27089a1d59c42854e253bdac409cf430dcd67292b9",
                            "rendered": "{\n  \"Version\": \"2012-10-17\",\n  \"Statement\": [\n    {\n      \"Sid\": \"PublicReadAccess\",\n      \"Principal\": {\n        \"AWS\": \"*\"\n      },\n      \"Effect\": \"Allow\",\n      \"Action\": [\n        \"s3:GetObject\"\n      ],\n      \"Resource\": \"arn:aws:s3:::web-app-deploy-example/*\"\n    }\n  ]\n}\n",
                            "template": "{\n  \"Version\": \"2012-10-17\",\n  \"Statement\": [\n    {\n      \"Sid\": \"PublicReadAccess\",\n      \"Principal\": {\n        \"AWS\": \"*\"\n      },\n      \"Effect\": \"Allow\",\n      \"Action\": [\n        \"s3:GetObject\"\n      ],\n      \"Resource\": \"arn:aws:s3:::${bucket}/*\"\n    }\n  ]\n}\n",
                            "vars.%": "1",
                            "vars.bucket": "web-app-deploy-example"
                        },
                        "meta": {},
                        "tainted": false
                    },
                    "deposed": [],
                    "provider": "provider.template"
                }
            },
            "depends_on": []
        }
    ]
}
